Microsoft Visual Studio Solution File, Format Version 12.00
# Visual Studio Version 17
VisualStudioVersion = 17.5.2.0
MinimumVisualStudioVersion = 10.0.40219.1
Project("{FAE04EC0-301F-11D3-BF4B-00C04F79EFBC}") = "Busquedas", "Busquedas.csproj", "{9CEC9D67-C58C-66D2-EABE-1D806438EE73}"
EndProject
Project("{FAE04EC0-301F-11D3-BF4B-00C04F79EFBC}") = "unitarias_pruebas", "..\unitarias_pruebas\unitarias_pruebas.csproj", "{F50DEA83-89A1-4066-A6E9-7438CD85A95C}"
EndProject
Global
	GlobalSection(SolutionConfigurationPlatforms) = preSolution
		Debug|Any CPU = Debug|Any CPU
		Release|Any CPU = Release|Any CPU
	EndGlobalSection
	GlobalSection(ProjectConfigurationPlatforms) = postSolution
		{9CEC9D67-C58C-66D2-EABE-1D806438EE73}.Debug|Any CPU.ActiveCfg = Debug|Any CPU
		{9CEC9D67-C58C-66D2-EABE-1D806438EE73}.Debug|Any CPU.Build.0 = Debug|Any CPU
		{9CEC9D67-C58C-66D2-EABE-1D806438EE73}.Release|Any CPU.ActiveCfg = Release|Any CPU
		{9CEC9D67-C58C-66D2-EABE-1D806438EE73}.Release|Any CPU.Build.0 = Release|Any CPU
		{F50DEA83-89A1-4066-A6E9-7438CD85A95C}.Debug|Any CPU.ActiveCfg = Debug|Any CPU
		{F50DEA83-89A1-4066-A6E9-7438CD85A95C}.Debug|Any CPU.Build.0 = Debug|Any CPU
		{F50DEA83-89A1-4066-A6E9-7438CD85A95C}.Release|Any CPU.ActiveCfg = Release|Any CPU
		{F50DEA83-89A1-4066-A6E9-7438CD85A95C}.Release|Any CPU.Build.0 = Release|Any CPU
	EndGlobalSection
	GlobalSection(SolutionProperties) = preSolution
		HideSolutionNode = FALSE
	EndGlobalSection
	GlobalSection(ExtensibilityGlobals) = postSolution
		SolutionGuid = {FB2FD1FA-9A3B-4F3C-9722-AE370F66ACC4}
	EndGlobalSection
EndGlobal
